
Microsoft Visual Studio Solution File, Format Version 12.00
# Visual Studio 15
VisualStudioVersion = 15.0.28307.1300
MinimumVisualStudioVersion = 10.0.40219.1
Project("{FAE04EC0-301F-11D3-BF4B-00C04F79EFBC}") = "StartProjectGuide", "StartProjectGuide\StartProjectGuide.csproj", "{8A30038C-E7B3-470E-929E-BCAC3B02B54F}"
EndProject
Project("{FAE04EC0-301F-11D3-BF4B-00C04F79EFBC}") = "AlloyExample", "..\AlloyExample\AlloyExample\AlloyExample.csproj", "{A998E8F8-DD9A-41BB-906B-5C6D9F1AF705}"
EndProject
Global
	GlobalSection(SolutionConfigurationPlatforms) = preSolution
		Debug|Any CPU = Debug|Any CPU
		Release|Any CPU = Release|Any CPU
	EndGlobalSection
	GlobalSection(ProjectConfigurationPlatforms) = postSolution
		{8A30038C-E7B3-470E-929E-BCAC3B02B54F}.Debug|Any CPU.ActiveCfg = Debug|Any CPU
		{8A30038C-E7B3-470E-929E-BCAC3B02B54F}.Debug|Any CPU.Build.0 = Debug|Any CPU
		{8A30038C-E7B3-470E-929E-BCAC3B02B54F}.Release|Any CPU.ActiveCfg = Release|Any CPU
		{8A30038C-E7B3-470E-929E-BCAC3B02B54F}.Release|Any CPU.Build.0 = Release|Any CPU
		{A998E8F8-DD9A-41BB-906B-5C6D9F1AF705}.Debug|Any CPU.ActiveCfg = Debug|Any CPU
		{A998E8F8-DD9A-41BB-906B-5C6D9F1AF705}.Debug|Any CPU.Build.0 = Debug|Any CPU
		{A998E8F8-DD9A-41BB-906B-5C6D9F1AF705}.Release|Any CPU.ActiveCfg = Release|Any CPU
		{A998E8F8-DD9A-41BB-906B-5C6D9F1AF705}.Release|Any CPU.Build.0 = Release|Any CPU
	EndGlobalSection
	GlobalSection(SolutionProperties) = preSolution
		HideSolutionNode = FALSE
	EndGlobalSection
	GlobalSection(ExtensibilityGlobals) = postSolution
		SolutionGuid = {B5125352-8BC8-4747-BD91-1D6171FF1B81}
	EndGlobalSection
EndGlobal
